// !$*UTF8*$!
{
	archiveVersion = 1;
	classes = {
	};
	objectVersion = 46;
	objects = {

/* Begin PBXBuildFile section */
		4D91F5581F2A186A0067C6C2 /* AppDelegate.swift in Sources */ = {isa = PBXBuildFile; fileRef = 4D91F5571F2A186A0067C6C2 /* AppDelegate.swift */; };
		4D91F55A1F2A186A0067C6C2 /* LoginVC.swift in Sources */ = {isa = PBXBuildFile; fileRef = 4D91F5591F2A186A0067C6C2 /* LoginVC.swift */; };
		4D91F55D1F2A186A0067C6C2 /* Main.storyboard in Resources */ = {isa = PBXBuildFile; fileRef = 4D91F55B1F2A186A0067C6C2 /* Main.storyboard */; };
		4D91F55F1F2A186A0067C6C2 /* Assets.xcassets in Resources */ = {isa = PBXBuildFile; fileRef = 4D91F55E1F2A186A0067C6C2 /* Assets.xcassets */; };
		4D91F5621F2A186A0067C6C2 /* LaunchScreen.storyboard in Resources */ = {isa = PBXBuildFile; fileRef = 4D91F5601F2A186A0067C6C2 /* LaunchScreen.storyboard */; };
		4D91F56A1F2A1E4A0067C6C2 /* SignUpVC.swift in Sources */ = {isa = PBXBuildFile; fileRef = 4D91F5691F2A1E4A0067C6C2 /* SignUpVC.swift */; };
		4D91F56C1F2A2A7B0067C6C2 /* TimelineVC.swift in Sources */ = {isa = PBXBuildFile; fileRef = 4D91F56B1F2A2A7B0067C6C2 /* TimelineVC.swift */; };
		4D91F56E1F2A2A9D0067C6C2 /* AddPostVC.swift in Sources */ = {isa = PBXBuildFile; fileRef = 4D91F56D1F2A2A9D0067C6C2 /* AddPostVC.swift */; };
		4D91F5701F2A2B000067C6C2 /* TimelineCell.swift in Sources */ = {isa = PBXBuildFile; fileRef = 4D91F56F1F2A2B000067C6C2 /* TimelineCell.swift */; };
		4D91F5721F2A349F0067C6C2 /* GoogleService-Info.plist in Resources */ = {isa = PBXBuildFile; fileRef = 4D91F5711F2A349F0067C6C2 /* GoogleService-Info.plist */; };
		4DEB2AAE1F2B552800D69EF3 /* File.swift in Sources */ = {isa = PBXBuildFile; fileRef = 4DEB2AAD1F2B552800D69EF3 /* File.swift */; };
		D4972CD8F7DB8BF4D86B83C3 /* Pods_InVision_Test_App.framework in Frameworks */ = {isa = PBXBuildFile; fileRef = BB9E49BCD37347A8DE803F73 /* Pods_InVision_Test_App.framework */; };
/* End PBXBuildFile section */

/* Begin PBXFileReference section */
		0620D48EB9E06F7318EE4F89 /* Pods-InVision Test App.release.xcconfig */ = {isa = PBXFileReference; includeInIndex = 1; lastKnownFileType = text.xcconfig; name = "Pods-InVision Test App.release.xcconfig"; path = "Pods/Target Support Files/Pods-InVision Test App/Pods-InVision Test App.release.xcconfig"; sourceTree = "<group>"; };
		102DBA46D17D2D436221DCCE /* Pods-InVision Test App.debug.xcconfig */ = {isa = PBXFileReference; includeInIndex = 1; lastKnownFileType = text.xcconfig; name = "Pods-InVision Test App.debug.xcconfig"; path = "Pods/Target Support Files/Pods-InVision Test App/Pods-InVision Test App.debug.xcconfig"; sourceTree = "<group>"; };
		4D91F5541F2A186A0067C6C2 /* InVision Test App.app */ = {isa = PBXFileReference; explicitFileType = wrapper.application; includeInIndex = 0; path = "InVision Test App.app"; sourceTree = BUILT_PRODUCTS_DIR; };
		4D91F5571F2A186A0067C6C2 /* AppDelegate.swift */ = {isa = PBXFileReference; lastKnownFileType = sourcecode.swift; path = AppDelegate.swift; sourceTree = "<group>"; };
		4D91F5591F2A186A0067C6C2 /* LoginVC.swift */ = {isa = PBXFileReference; lastKnownFileType = sourcecode.swift; path = LoginVC.swift; sourceTree = "<group>"; };
		4D91F55C1F2A186A0067C6C2 /* Base */ = {isa = PBXFileReference; lastKnownFileType = file.storyboard; name = Base; path = Base.lproj/Main.storyboard; sourceTree = "<group>"; };
		4D91F55E1F2A186A0067C6C2 /* Assets.xcassets */ = {isa = PBXFileReference; lastKnownFileType = folder.assetcatalog; path = Assets.xcassets; sourceTree = "<group>"; };
		4D91F5611F2A186A0067C6C2 /* Base */ = {isa = PBXFileReference; lastKnownFileType = file.storyboard; name = Base; path = Base.lproj/LaunchScreen.storyboard; sourceTree = "<group>"; };
		4D91F5631F2A186A0067C6C2 /* Info.plist */ = {isa = PBXFileReference; lastKnownFileType = text.plist.xml; path = Info.plist; sourceTree = "<group>"; };
		4D91F5691F2A1E4A0067C6C2 /* SignUpVC.swift */ = {isa = PBXFileReference; fileEncoding = 4; lastKnownFileType = sourcecode.swift; path = SignUpVC.swift; sourceTree = "<group>"; };
		4D91F56B1F2A2A7B0067C6C2 /* TimelineVC.swift */ = {isa = PBXFileReference; fileEncoding = 4; lastKnownFileType = sourcecode.swift; path = TimelineVC.swift; sourceTree = "<group>"; };
		4D91F56D1F2A2A9D0067C6C2 /* AddPostVC.swift */ = {isa = PBXFileReference; fileEncoding = 4; lastKnownFileType = sourcecode.swift; path = AddPostVC.swift; sourceTree = "<group>"; };
		4D91F56F1F2A2B000067C6C2 /* TimelineCell.swift */ = {isa = PBXFileReference; fileEncoding = 4; lastKnownFileType = sourcecode.swift; path = TimelineCell.swift; sourceTree = "<group>"; };
		4D91F5711F2A349F0067C6C2 /* GoogleService-Info.plist */ = {isa = PBXFileReference; fileEncoding = 4; lastKnownFileType = text.plist.xml; path = "GoogleService-Info.plist"; sourceTree = "<group>"; };
		4DEB2AAD1F2B552800D69EF3 /* File.swift */ = {isa = PBXFileReference; fileEncoding = 4; lastKnownFileType = sourcecode.swift; path = File.swift; sourceTree = "<group>"; };
		BB9E49BCD37347A8DE803F73 /* Pods_InVision_Test_App.framework */ = {isa = PBXFileReference; explicitFileType = wrapper.framework; includeInIndex = 0; path = Pods_InVision_Test_App.framework; sourceTree = BUILT_PRODUCTS_DIR; };
/* End PBXFileReference section */

/* Begin PBXFrameworksBuildPhase section */
		4D91F5511F2A186A0067C6C2 /* Frameworks */ = {
			isa = PBXFrameworksBuildPhase;
			buildActionMask = 2147483647;
			files = (
				D4972CD8F7DB8BF4D86B83C3 /* Pods_InVision_Test_App.framework in Frameworks */,
			);
			runOnlyForDeploymentPostprocessing = 0;
		};
/* End PBXFrameworksBuildPhase section */

/* Begin PBXGroup section */
		0B8E1487D74FCA982A36F7B0 /* Pods */ = {
			isa = PBXGroup;
			children = (
				102DBA46D17D2D436221DCCE /* Pods-InVision Test App.debug.xcconfig */,
				0620D48EB9E06F7318EE4F89 /* Pods-InVision Test App.release.xcconfig */,
			);
			name = Pods;
			sourceTree = "<group>";
		};
		4D91F54B1F2A186A0067C6C2 = {
			isa = PBXGroup;
			children = (
				4D91F5561F2A186A0067C6C2 /* InVision Test App */,
				4D91F5551F2A186A0067C6C2 /* Products */,
				0B8E1487D74FCA982A36F7B0 /* Pods */,
				A60067572A6AFC710BC15DA7 /* Frameworks */,
			);
			sourceTree = "<group>";
		};
		4D91F5551F2A186A0067C6C2 /* Products */ = {
			isa = PBXGroup;
			children = (
				4D91F5541F2A186A0067C6C2 /* InVision Test App.app */,
			);
			name = Products;
			sourceTree = "<group>";
		};
		4D91F5561F2A186A0067C6C2 /* InVision Test App */ = {
			isa = PBXGroup;
			children = (
				4D91F5571F2A186A0067C6C2 /* AppDelegate.swift */,
				4D91F5591F2A186A0067C6C2 /* LoginVC.swift */,
				4D91F5691F2A1E4A0067C6C2 /* SignUpVC.swift */,
				4D91F56B1F2A2A7B0067C6C2 /* TimelineVC.swift */,
				4D91F56D1F2A2A9D0067C6C2 /* AddPostVC.swift */,
				4D91F56F1F2A2B000067C6C2 /* TimelineCell.swift */,
				4DEB2AAD1F2B552800D69EF3 /* File.swift */,
				4D91F55B1F2A186A0067C6C2 /* Main.storyboard */,
				4D91F55E1F2A186A0067C6C2 /* Assets.xcassets */,
				4D91F5601F2A186A0067C6C2 /* LaunchScreen.storyboard */,
				4D91F5631F2A186A0067C6C2 /* Info.plist */,
				4D91F5711F2A349F0067C6C2 /* GoogleService-Info.plist */,
			);
			path = "InVision Test App";
			sourceTree = "<group>";
		};
		A60067572A6AFC710BC15DA7 /* Frameworks */ = {
			isa = PBXGroup;
			children = (
				BB9E49BCD37347A8DE803F73 /* Pods_InVision_Test_App.framework */,
			);
			name = Frameworks;
			sourceTree = "<group>";
		};
/* End PBXGroup section */

/* Begin PBXNativeTarget section */
		4D91F5531F2A186A0067C6C2 /* InVision Test App */ = {
			isa = PBXNativeTarget;
			buildConfigurationList = 4D91F5661F2A186A0067C6C2 /* Build configuration list for PBXNativeTarget "InVision Test App" */;
			buildPhases = (
				0247793265C6ABBA8CF36190 /* [CP] Check Pods Manifest.lock */,
				4D91F5501F2A186A0067C6C2 /* Sources */,
				4D91F5511F2A186A0067C6C2 /* Frameworks */,
				4D91F5521F2A186A0067C6C2 /* Resources */,
				868429D8F89EF8FA18FA6085 /* [CP] Embed Pods Frameworks */,
				7BB82BC9960E78777C1F99D4 /* [CP] Copy Pods Resources */,
			);
			buildRules = (
			);
			dependencies = (
			);
			name = "InVision Test App";
			productName = "InVision Test App";
			productReference = 4D91F5541F2A186A0067C6C2 /* InVision Test App.app */;
			productType = "com.apple.product-type.application";
		};
/* End PBXNativeTarget section */

/* Begin PBXProject section */
		4D91F54C1F2A186A0067C6C2 /* Project object */ = {
			isa = PBXProject;
			attributes = {
				LastSwiftUpdateCheck = 0830;
				LastUpgradeCheck = 0830;
				ORGANIZATIONNAME = "Muhammad Khan";
				TargetAttributes = {
					4D91F5531F2A186A0067C6C2 = {
						CreatedOnToolsVersion = 8.3.3;
						DevelopmentTeam = BFW29W59H3;
						ProvisioningStyle = Automatic;
					};
				};
			};
			buildConfigurationList = 4D91F54F1F2A186A0067C6C2 /* Build configuration list for PBXProject "InVision Test App" */;
			compatibilityVersion = "Xcode 3.2";
			developmentRegion = English;
			hasScannedForEncodings = 0;
			knownRegions = (
				en,
				Base,
			);
			mainGroup = 4D91F54B1F2A186A0067C6C2;
			productRefGroup = 4D91F5551F2A186A0067C6C2 /* Products */;
			projectDirPath = "";
			projectRoot = "";
			targets = (
				4D91F5531F2A186A0067C6C2 /* InVision Test App */,
			);
		};
/* End PBXProject section */

/* Begin PBXResourcesBuildPhase section */
		4D91F5521F2A186A0067C6C2 /* Resources */ = {
			isa = PBXResourcesBuildPhase;
			buildActionMask = 2147483647;
			files = (
				4D91F5621F2A186A0067C6C2 /* LaunchScreen.storyboard in Resources */,
				4D91F5721F2A349F0067C6C2 /* GoogleService-Info.plist in Resources */,
				4D91F55F1F2A186A0067C6C2 /* Assets.xcassets in Resources */,
				4D91F55D1F2A186A0067C6C2 /* Main.storyboard in Resources */,
			);
			runOnlyForDeploymentPostprocessing = 0;
		};
/* End PBXResourcesBuildPhase section */

/* Begin PBXShellScriptBuildPhase section */
		0247793265C6ABBA8CF36190 /* [CP] Check Pods Manifest.lock */ = {
			isa = PBXShellScriptBuildPhase;
			buildActionMask = 2147483647;
			files = (
			);
			inputPaths = (
			);
			name = "[CP] Check Pods Manifest.lock";
			outputPaths = (
			);
			runOnlyForDeploymentPostprocessing = 0;
			shellPath = /bin/sh;
			shellScript = "diff \"${PODS_PODFILE_DIR_PATH}/Podfile.lock\" \"${PODS_ROOT}/Manifest.lock\" > /dev/null\nif [ $? != 0 ] ; then\n    # print error to STDERR\n    echo \"error: The sandbox is not in sync with the Podfile.lock. Run 'pod install' or update your CocoaPods installation.\" >&2\n    exit 1\nfi\n";
			showEnvVarsInLog = 0;
		};
		7BB82BC9960E78777C1F99D4 /* [CP] Copy Pods Resources */ = {
			isa = PBXShellScriptBuildPhase;
			buildActionMask = 2147483647;
			files = (
			);
			inputPaths = (
			);
			name = "[CP] Copy Pods Resources";
			outputPaths = (
			);
			runOnlyForDeploymentPostprocessing = 0;
			shellPath = /bin/sh;
			shellScript = "\"${SRCROOT}/Pods/Target Support Files/Pods-InVision Test App/Pods-InVision Test App-resources.sh\"\n";
			showEnvVarsInLog = 0;
		};
		868429D8F89EF8FA18FA6085 /* [CP] Embed Pods Frameworks */ = {
			isa = PBXShellScriptBuildPhase;
			buildActionMask = 2147483647;
			files = (
			);
			inputPaths = (
			);
			name = "[CP] Embed Pods Frameworks";
			outputPaths = (
			);
			runOnlyForDeploymentPostprocessing = 0;
			shellPath = /bin/sh;
			shellScript = "\"${SRCROOT}/Pods/Target Support Files/Pods-InVision Test App/Pods-InVision Test App-frameworks.sh\"\n";
			showEnvVarsInLog = 0;
		};
/* End PBXShellScriptBuildPhase section */

/* Begin PBXSourcesBuildPhase section */
		4D91F5501F2A186A0067C6C2 /* Sources */ = {
			isa = PBXSourcesBuildPhase;
			buildActionMask = 2147483647;
			files = (
				4D91F5701F2A2B000067C6C2 /* TimelineCell.swift in Sources */,
				4D91F55A1F2A186A0067C6C2 /* LoginVC.swift in Sources */,
				4DEB2AAE1F2B552800D69EF3 /* File.swift in Sources */,
				4D91F56A1F2A1E4A0067C6C2 /* SignUpVC.swift in Sources */,
				4D91F56E1F2A2A9D0067C6C2 /* AddPostVC.swift in Sources */,
				4D91F5581F2A186A0067C6C2 /* AppDelegate.swift in Sources */,
				4D91F56C1F2A2A7B0067C6C2 /* TimelineVC.swift in Sources */,
			);
			runOnlyForDeploymentPostprocessing = 0;
		};
/* End PBXSourcesBuildPhase section */

/* Begin PBXVariantGroup section */
		4D91F55B1F2A186A0067C6C2 /* Main.storyboard */ = {
			isa = PBXVariantGroup;
			children = (
				4D91F55C1F2A186A0067C6C2 /* Base */,
			);
			name = Main.storyboard;
			sourceTree = "<group>";
		};
		4D91F5601F2A186A0067C6C2 /* LaunchScreen.storyboard */ = {
			isa = PBXVariantGroup;
			children = (
				4D91F5611F2A186A0067C6C2 /* Base */,
			);
			name = LaunchScreen.storyboard;
			sourceTree = "<group>";
		};
/* End PBXVariantGroup section */

/* Begin XCBuildConfiguration section */
		4D91F5641F2A186A0067C6C2 /* Debug */ = {
			isa = XCBuildConfiguration;
			buildSettings = {
				ALWAYS_SEARCH_USER_PATHS = NO;
				CLANG_ANALYZER_NONNULL = YES;
				CLANG_ANALYZER_NUMBER_OBJECT_CONVERSION = YES_AGGRESSIVE;
				CLANG_CXX_LANGUAGE_STANDARD = "gnu++0x";
				CLANG_CXX_LIBRARY = "libc++";
				CLANG_ENABLE_MODULES = YES;
				CLANG_ENABLE_OBJC_ARC = YES;
				CLANG_WARN_BOOL_CONVERSION = YES;
				CLANG_WARN_CONSTANT_CONVERSION = YES;
				CLANG_WARN_DIRECT_OBJC_ISA_USAGE = YES_ERROR;
				CLANG_WARN_DOCUMENTATION_COMMENTS = YES;
				CLANG_WARN_EMPTY_BODY = YES;
				CLANG_WARN_ENUM_CONVERSION = YES;
				CLANG_WARN_INFINITE_RECURSION = YES;
				CLANG_WARN_INT_CONVERSION = YES;
				CLANG_WARN_OBJC_ROOT_CLASS = YES_ERROR;
				CLANG_WARN_SUSPICIOUS_MOVE = YES;
				CLANG_WARN_UNREACHABLE_CODE = YES;
				CLANG_WARN__DUPLICATE_METHOD_MATCH = YES;
				"CODE_SIGN_IDENTITY[sdk=iphoneos*]" = "iPhone Developer";
				COPY_PHASE_STRIP = NO;
				DEBUG_INFORMATION_FORMAT = dwarf;
				ENABLE_STRICT_OBJC_MSGSEND = YES;
				ENABLE_TESTABILITY = YES;
				GCC_C_LANGUAGE_STANDARD = gnu99;
				GCC_DYNAMIC_NO_PIC = NO;
				GCC_NO_COMMON_BLOCKS = YES;
				GCC_OPTIMIZATION_LEVEL = 0;
				GCC_PREPROCESSOR_DEFINITIONS = (
					"DEBUG=1",
					"$(inherited)",
				);
				GCC_WARN_64_TO_32_BIT_CONVERSION = YES;
				GCC_WARN_ABOUT_RETURN_TYPE = YES_ERROR;
				GCC_WARN_UNDECLARED_SELECTOR = YES;
				GCC_WARN_UNINITIALIZED_AUTOS = YES_AGGRESSIVE;
				GCC_WARN_UNUSED_FUNCTION = YES;
				GCC_WARN_UNUSED_VARIABLE = YES;
				IPHONEOS_DEPLOYMENT_TARGET = 10.3;
				MTL_ENABLE_DEBUG_INFO = YES;
				ONLY_ACTIVE_ARCH = YES;
				SDKROOT = iphoneos;
				SWIFT_ACTIVE_COMPILATION_CONDITIONS = DEBUG;
				SWIFT_OPTIMIZATION_LEVEL = "-Onone";
			};
			name = Debug;
		};
		4D91F5651F2A186A0067C6C2 /* Release */ = {
			isa = XCBuildConfiguration;
			buildSettings = {
				ALWAYS_SEARCH_USER_PATHS = NO;
				CLANG_ANALYZER_NONNULL = YES;
				CLANG_ANALYZER_NUMBER_OBJECT_CONVERSION = YES_AGGRESSIVE;
				CLANG_CXX_LANGUAGE_STANDARD = "gnu++0x";
				CLANG_CXX_LIBRARY = "libc++";
				CLANG_ENABLE_MODULES = YES;
				CLANG_ENABLE_OBJC_ARC = YES;
				CLANG_WARN_BOOL_CONVERSION = YES;
				CLANG_WARN_CONSTANT_CONVERSION = YES;
				CLANG_WARN_DIRECT_OBJC_ISA_USAGE = YES_ERROR;
				CLANG_WARN_DOCUMENTATION_COMMENTS = YES;
				CLANG_WARN_EMPTY_BODY = YES;
				CLANG_WARN_ENUM_CONVERSION = YES;
				CLANG_WARN_INFINITE_RECURSION = YES;
				CLANG_WARN_INT_CONVERSION = YES;
				CLANG_WARN_OBJC_ROOT_CLASS = YES_ERROR;
				CLANG_WARN_SUSPICIOUS_MOVE = YES;
				CLANG_WARN_UNREACHABLE_CODE = YES;
				CLANG_WARN__DUPLICATE_METHOD_MATCH = YES;
				"CODE_SIGN_IDENTITY[sdk=iphoneos*]" = "iPhone Developer";
				COPY_PHASE_STRIP = NO;
				DEBUG_INFORMATION_FORMAT = "dwarf-with-dsym";
				ENABLE_NS_ASSERTIONS = NO;
				ENABLE_STRICT_OBJC_MSGSEND = YES;
				GCC_C_LANGUAGE_STANDARD = gnu99;
				GCC_NO_COMMON_BLOCKS = YES;
				GCC_WARN_64_TO_32_BIT_CONVERSION = YES;
				GCC_WARN_ABOUT_RETURN_TYPE = YES_ERROR;
				GCC_WARN_UNDECLARED_SELECTOR = YES;
				GCC_WARN_UNINITIALIZED_AUTOS = YES_AGGRESSIVE;
				GCC_WARN_UNUSED_FUNCTION = YES;
				GCC_WARN_UNUSED_VARIABLE = YES;
				IPHONEOS_DEPLOYMENT_TARGET = 10.3;
				MTL_ENABLE_DEBUG_INFO = NO;
				SDKROOT = iphoneos;
				SWIFT_OPTIMIZATION_LEVEL = "-Owholemodule";
				VALIDATE_PRODUCT = YES;
			};
			name = Release;
		};
		4D91F5671F2A186A0067C6C2 /* Debug */ = {
			isa = XCBuildConfiguration;
			baseConfigurationReference = 102DBA46D17D2D436221DCCE /* Pods-InVision Test App.debug.xcconfig */;
			buildSettings = {
				ASSETCATALOG_COMPILER_APPICON_NAME = AppIcon;
				DEVELOPMENT_TEAM = BFW29W59H3;
				INFOPLIST_FILE = "InVision Test App/Info.plist";
				LD_RUNPATH_SEARCH_PATHS = "$(inherited) @executable_path/Frameworks";
				PRODUCT_BUNDLE_IDENTIFIER = "com.imuhammadkhan.InVision-Test-App";
				PRODUCT_NAME = "$(TARGET_NAME)";
				SWIFT_VERSION = 3.0;
			};
			name = Debug;
		};
		4D91F5681F2A186A0067C6C2 /* Release */ = {
			isa = XCBuildConfiguration;
			baseConfigurationReference = 0620D48EB9E06F7318EE4F89 /* Pods-InVision Test App.release.xcconfig */;
			buildSettings = {
				ASSETCATALOG_COMPILER_APPICON_NAME = AppIcon;
				DEVELOPMENT_TEAM = BFW29W59H3;
				INFOPLIST_FILE = "InVision Test App/Info.plist";
				LD_RUNPATH_SEARCH_PATHS = "$(inherited) @executable_path/Frameworks";
				PRODUCT_BUNDLE_IDENTIFIER = "com.imuhammadkhan.InVision-Test-App";
				PRODUCT_NAME = "$(TARGET_NAME)";
				SWIFT_VERSION = 3.0;
			};
			name = Release;
		};
/* End XCBuildConfiguration section */

/* Begin XCConfigurationList section */
		4D91F54F1F2A186A0067C6C2 /* Build configuration list for PBXProject "InVision Test App" */ = {
			isa = XCConfigurationList;
			buildConfigurations = (
				4D91F5641F2A186A0067C6C2 /* Debug */,
				4D91F5651F2A186A0067C6C2 /* Release */,
			);
			defaultConfigurationIsVisible = 0;
			defaultConfigurationName = Release;
		};
		4D91F5661F2A186A0067C6C2 /* Build configuration list for PBXNativeTarget "InVision Test App" */ = {
			isa = XCConfigurationList;
			buildConfigurations = (
				4D91F5671F2A186A0067C6C2 /* Debug */,
				4D91F5681F2A186A0067C6C2 /* Release */,
			);
			defaultConfigurationIsVisible = 0;
			defaultConfigurationName = Release;
		};
/* End XCConfigurationList section */
	};
	rootObject = 4D91F54C1F2A186A0067C6C2 /* Project object */;
}
